
Microsoft Visual Studio Solution File, Format Version 12.00
# Visual Studio Version 16
VisualStudioVersion = 16.0.32630.194
MinimumVisualStudioVersion = 10.0.40219.1
Project("{FAE04EC0-301F-11D3-BF4B-00C04F79EFBC}") = "Day5_Practice_Problem", "Day5_Practice_Problem\Day5_Practice_Problem.csproj", "{1D684113-653A-480A-90E7-E7CA6B430B79}"
EndProject
Global
	GlobalSection(SolutionConfigurationPlatforms) = preSolution
		Debug|Any CPU = Debug|Any CPU
		Release|Any CPU = Release|Any CPU
	EndGlobalSection
	GlobalSection(ProjectConfigurationPlatforms) = postSolution
		{1D684113-653A-480A-90E7-E7CA6B430B79}.Debug|Any CPU.ActiveCfg = Debug|Any CPU
		{1D684113-653A-480A-90E7-E7CA6B430B79}.Debug|Any CPU.Build.0 = Debug|Any CPU
		{1D684113-653A-480A-90E7-E7CA6B430B79}.Release|Any CPU.ActiveCfg = Release|Any CPU
		{1D684113-653A-480A-90E7-E7CA6B430B79}.Release|Any CPU.Build.0 = Release|Any CPU
	EndGlobalSection
	GlobalSection(SolutionProperties) = preSolution
		HideSolutionNode = FALSE
	EndGlobalSection
	GlobalSection(ExtensibilityGlobals) = postSolution
		SolutionGuid = {896F6D20-A9A5-4D6D-840D-9189FF73C7A6}
	EndGlobalSection
EndGlobal
